
Microsoft Visual Studio Solution File, Format Version 12.00
# Visual Studio Version 17
VisualStudioVersion = 17.11.35431.28
MinimumVisualStudioVersion = 10.0.40219.1
Project("{FAE04EC0-301F-11D3-BF4B-00C04F79EFBC}") = "AdventOfCode2024", "AdventOfCode2024\AdventOfCode2024.csproj", "{C0A5BA81-FF0D-4C4A-A863-C6773964090D}"
EndProject
Global
	GlobalSection(SolutionConfigurationPlatforms) = preSolution
		Debug|Any CPU = Debug|Any CPU
		Release|Any CPU = Release|Any CPU
	EndGlobalSection
	GlobalSection(ProjectConfigurationPlatforms) = postSolution
		{C0A5BA81-FF0D-4C4A-A863-C6773964090D}.Debug|Any CPU.ActiveCfg = Debug|Any CPU
		{C0A5BA81-FF0D-4C4A-A863-C6773964090D}.Debug|Any CPU.Build.0 = Debug|Any CPU
		{C0A5BA81-FF0D-4C4A-A863-C6773964090D}.Release|Any CPU.ActiveCfg = Release|Any CPU
		{C0A5BA81-FF0D-4C4A-A863-C6773964090D}.Release|Any CPU.Build.0 = Release|Any CPU
	EndGlobalSection
	GlobalSection(SolutionProperties) = preSolution
		HideSolutionNode = FALSE
	EndGlobalSection
	GlobalSection(ExtensibilityGlobals) = postSolution
		SolutionGuid = {F1651DA8-FF9E-44B0-B6D3-B1C3B1A6274E}
	EndGlobalSection
EndGlobal
